// !$*UTF8*$!
{
	archiveVersion = 1;
	classes = {
	};
	objectVersion = 46;
	objects = {

/* Begin PBXBuildFile section */
		B9BE981A1A31FC9F004E8B0E /* main.m in Sources */ = {isa = PBXBuildFile; fileRef = B9BE98191A31FC9F004E8B0E /* main.m */; };
		B9BE981D1A31FC9F004E8B0E /* AppDelegate.m in Sources */ = {isa = PBXBuildFile; fileRef = B9BE981C1A31FC9F004E8B0E /* AppDelegate.m */; };
		B9BE98201A31FC9F004E8B0E /* ViewController.m in Sources */ = {isa = PBXBuildFile; fileRef = B9BE981F1A31FC9F004E8B0E /* ViewController.m */; };
		B9BE98231A31FC9F004E8B0E /* Main.storyboard in Resources */ = {isa = PBXBuildFile; fileRef = B9BE98211A31FC9F004E8B0E /* Main.storyboard */; };
		B9BE98251A31FC9F004E8B0E /* Images.xcassets in Resources */ = {isa = PBXBuildFile; fileRef = B9BE98241A31FC9F004E8B0E /* Images.xcassets */; };
		B9BE98281A31FC9F004E8B0E /* LaunchScreen.xib in Resources */ = {isa = PBXBuildFile; fileRef = B9BE98261A31FC9F004E8B0E /* LaunchScreen.xib */; };
		B9BE98341A31FC9F004E8B0E /* randomGameDeomTests.m in Sources */ = {isa = PBXBuildFile; fileRef = B9BE98331A31FC9F004E8B0E /* randomGameDeomTests.m */; };
/* End PBXBuildFile section */

/* Begin PBXContainerItemProxy section */
		B9BE982E1A31FC9F004E8B0E /* PBXContainerItemProxy */ = {
			isa = PBXContainerItemProxy;
			containerPortal = B9BE980C1A31FC9F004E8B0E /* Project object */;
			proxyType = 1;
			remoteGlobalIDString = B9BE98131A31FC9F004E8B0E;
			remoteInfo = randomGameDeom;
		};
/* End PBXContainerItemProxy section */

/* Begin PBXFileReference section */
		B9BE98141A31FC9F004E8B0E /* randomGameDeom.app */ = {isa = PBXFileReference; explicitFileType = wrapper.application; includeInIndex = 0; path = randomGameDeom.app; sourceTree = BUILT_PRODUCTS_DIR; };
		B9BE98181A31FC9F004E8B0E /* Info.plist */ = {isa = PBXFileReference; lastKnownFileType = text.plist.xml; path = Info.plist; sourceTree = "<group>"; };
		B9BE98191A31FC9F004E8B0E /* main.m */ = {isa = PBXFileReference; lastKnownFileType = sourcecode.c.objc; path = main.m; sourceTree = "<group>"; };
		B9BE981B1A31FC9F004E8B0E /* AppDelegate.h */ = {isa = PBXFileReference; lastKnownFileType = sourcecode.c.h; path = AppDelegate.h; sourceTree = "<group>"; };
		B9BE981C1A31FC9F004E8B0E /* AppDelegate.m */ = {isa = PBXFileReference; lastKnownFileType = sourcecode.c.objc; path = AppDelegate.m; sourceTree = "<group>"; };
		B9BE981E1A31FC9F004E8B0E /* ViewController.h */ = {isa = PBXFileReference; lastKnownFileType = sourcecode.c.h; path = ViewController.h; sourceTree = "<group>"; };
		B9BE981F1A31FC9F004E8B0E /* ViewController.m */ = {isa = PBXFileReference; lastKnownFileType = sourcecode.c.objc; path = ViewController.m; sourceTree = "<group>"; };
		B9BE98221A31FC9F004E8B0E /* Base */ = {isa = PBXFileReference; lastKnownFileType = file.storyboard; name = Base; path = Base.lproj/Main.storyboard; sourceTree = "<group>"; };
		B9BE98241A31FC9F004E8B0E /* Images.xcassets */ = {isa = PBXFileReference; lastKnownFileType = folder.assetcatalog; path = Images.xcassets; sourceTree = "<group>"; };
		B9BE98271A31FC9F004E8B0E /* Base */ = {isa = PBXFileReference; lastKnownFileType = file.xib; name = Base; path = Base.lproj/LaunchScreen.xib; sourceTree = "<group>"; };
		B9BE982D1A31FC9F004E8B0E /* randomGameDeomTests.xctest */ = {isa = PBXFileReference; explicitFileType = wrapper.cfbundle; includeInIndex = 0; path = randomGameDeomTests.xctest; sourceTree = BUILT_PRODUCTS_DIR; };
		B9BE98321A31FC9F004E8B0E /* Info.plist */ = {isa = PBXFileReference; lastKnownFileType = text.plist.xml; path = Info.plist; sourceTree = "<group>"; };
		B9BE98331A31FC9F004E8B0E /* randomGameDeomTests.m */ = {isa = PBXFileReference; lastKnownFileType = sourcecode.c.objc; path = randomGameDeomTests.m; sourceTree = "<group>"; };
/* End PBXFileReference section */

/* Begin PBXFrameworksBuildPhase section */
		B9BE98111A31FC9F004E8B0E /* Frameworks */ = {
			isa = PBXFrameworksBuildPhase;
			buildActionMask = 2147483647;
			files = (
			);
			runOnlyForDeploymentPostprocessing = 0;
		};
		B9BE982A1A31FC9F004E8B0E /* Frameworks */ = {
			isa = PBXFrameworksBuildPhase;
			buildActionMask = 2147483647;
			files = (
			);
			runOnlyForDeploymentPostprocessing = 0;
		};
/* End PBXFrameworksBuildPhase section */

/* Begin PBXGroup section */
		B9BE980B1A31FC9F004E8B0E = {
			isa = PBXGroup;
			children = (
				B9BE98161A31FC9F004E8B0E /* randomGameDeom */,
				B9BE98301A31FC9F004E8B0E /* randomGameDeomTests */,
				B9BE98151A31FC9F004E8B0E /* Products */,
			);
			sourceTree = "<group>";
		};
		B9BE98151A31FC9F004E8B0E /* Products */ = {
			isa = PBXGroup;
			children = (
				B9BE98141A31FC9F004E8B0E /* randomGameDeom.app */,
				B9BE982D1A31FC9F004E8B0E /* randomGameDeomTests.xctest */,
			);
			name = Products;
			sourceTree = "<group>";
		};
		B9BE98161A31FC9F004E8B0E /* randomGameDeom */ = {
			isa = PBXGroup;
			children = (
				B9BE981B1A31FC9F004E8B0E /* AppDelegate.h */,
				B9BE981C1A31FC9F004E8B0E /* AppDelegate.m */,
				B9BE981E1A31FC9F004E8B0E /* ViewController.h */,
				B9BE981F1A31FC9F004E8B0E /* ViewController.m */,
				B9BE98211A31FC9F004E8B0E /* Main.storyboard */,
				B9BE98241A31FC9F004E8B0E /* Images.xcassets */,
				B9BE98261A31FC9F004E8B0E /* LaunchScreen.xib */,
				B9BE98171A31FC9F004E8B0E /* Supporting Files */,
			);
			path = randomGameDeom;
			sourceTree = "<group>";
		};
		B9BE98171A31FC9F004E8B0E /* Supporting Files */ = {
			isa = PBXGroup;
			children = (
				B9BE98181A31FC9F004E8B0E /* Info.plist */,
				B9BE98191A31FC9F004E8B0E /* main.m */,
			);
			name = "Supporting Files";
			sourceTree = "<group>";
		};
		B9BE98301A31FC9F004E8B0E /* randomGameDeomTests */ = {
			isa = PBXGroup;
			children = (
				B9BE98331A31FC9F004E8B0E /* randomGameDeomTests.m */,
				B9BE98311A31FC9F004E8B0E /* Supporting Files */,
			);
			path = randomGameDeomTests;
			sourceTree = "<group>";
		};
		B9BE98311A31FC9F004E8B0E /* Supporting Files */ = {
			isa = PBXGroup;
			children = (
				B9BE98321A31FC9F004E8B0E /* Info.plist */,
			);
			name = "Supporting Files";
			sourceTree = "<group>";
		};
/* End PBXGroup section */

/* Begin PBXNativeTarget section */
		B9BE98131A31FC9F004E8B0E /* randomGameDeom */ = {
			isa = PBXNativeTarget;
			buildConfigurationList = B9BE98371A31FC9F004E8B0E /* Build configuration list for PBXNativeTarget "randomGameDeom" */;
			buildPhases = (
				B9BE98101A31FC9F004E8B0E /* Sources */,
				B9BE98111A31FC9F004E8B0E /* Frameworks */,
				B9BE98121A31FC9F004E8B0E /* Resources */,
			);
			buildRules = (
			);
			dependencies = (
			);
			name = randomGameDeom;
			productName = randomGameDeom;
			productReference = B9BE98141A31FC9F004E8B0E /* randomGameDeom.app */;
			productType = "com.apple.product-type.application";
		};
		B9BE982C1A31FC9F004E8B0E /* randomGameDeomTests */ = {
			isa = PBXNativeTarget;
			buildConfigurationList = B9BE983A1A31FC9F004E8B0E /* Build configuration list for PBXNativeTarget "randomGameDeomTests" */;
			buildPhases = (
				B9BE98291A31FC9F004E8B0E /* Sources */,
				B9BE982A1A31FC9F004E8B0E /* Frameworks */,
				B9BE982B1A31FC9F004E8B0E /* Resources */,
			);
			buildRules = (
			);
			dependencies = (
				B9BE982F1A31FC9F004E8B0E /* PBXTargetDependency */,
			);
			name = randomGameDeomTests;
			productName = randomGameDeomTests;
			productReference = B9BE982D1A31FC9F004E8B0E /* randomGameDeomTests.xctest */;
			productType = "com.apple.product-type.bundle.unit-test";
		};
/* End PBXNativeTarget section */

/* Begin PBXProject section */
		B9BE980C1A31FC9F004E8B0E /* Project object */ = {
			isa = PBXProject;
			attributes = {
				LastUpgradeCheck = 0610;
				ORGANIZATIONNAME = HeZitong;
				TargetAttributes = {
					B9BE98131A31FC9F004E8B0E = {
						CreatedOnToolsVersion = 6.1;
					};
					B9BE982C1A31FC9F004E8B0E = {
						CreatedOnToolsVersion = 6.1;
						TestTargetID = B9BE98131A31FC9F004E8B0E;
					};
				};
			};
			buildConfigurationList = B9BE980F1A31FC9F004E8B0E /* Build configuration list for PBXProject "randomGameDeom" */;
			compatibilityVersion = "Xcode 3.2";
			developmentRegion = English;
			hasScannedForEncodings = 0;
			knownRegions = (
				en,
				Base,
			);
			mainGroup = B9BE980B1A31FC9F004E8B0E;
			productRefGroup = B9BE98151A31FC9F004E8B0E /* Products */;
			projectDirPath = "";
			projectRoot = "";
			targets = (
				B9BE98131A31FC9F004E8B0E /* randomGameDeom */,
				B9BE982C1A31FC9F004E8B0E /* randomGameDeomTests */,
			);
		};
/* End PBXProject section */

/* Begin PBXResourcesBuildPhase section */
		B9BE98121A31FC9F004E8B0E /* Resources */ = {
			isa = PBXResourcesBuildPhase;
			buildActionMask = 2147483647;
			files = (
				B9BE98231A31FC9F004E8B0E /* Main.storyboard in Resources */,
				B9BE98281A31FC9F004E8B0E /* LaunchScreen.xib in Resources */,
				B9BE98251A31FC9F004E8B0E /* Images.xcassets in Resources */,
			);
			runOnlyForDeploymentPostprocessing = 0;
		};
		B9BE982B1A31FC9F004E8B0E /* Resources */ = {
			isa = PBXResourcesBuildPhase;
			buildActionMask = 2147483647;
			files = (
			);
			runOnlyForDeploymentPostprocessing = 0;
		};
/* End PBXResourcesBuildPhase section */

/* Begin PBXSourcesBuildPhase section */
		B9BE98101A31FC9F004E8B0E /* Sources */ = {
			isa = PBXSourcesBuildPhase;
			buildActionMask = 2147483647;
			files = (
				B9BE98201A31FC9F004E8B0E /* ViewController.m in Sources */,
				B9BE981D1A31FC9F004E8B0E /* AppDelegate.m in Sources */,
				B9BE981A1A31FC9F004E8B0E /* main.m in Sources */,
			);
			runOnlyForDeploymentPostprocessing = 0;
		};
		B9BE98291A31FC9F004E8B0E /* Sources */ = {
			isa = PBXSourcesBuildPhase;
			buildActionMask = 2147483647;
			files = (
				B9BE98341A31FC9F004E8B0E /* randomGameDeomTests.m in Sources */,
			);
			runOnlyForDeploymentPostprocessing = 0;
		};
/* End PBXSourcesBuildPhase section */

/* Begin PBXTargetDependency section */
		B9BE982F1A31FC9F004E8B0E /* PBXTargetDependency */ = {
			isa = PBXTargetDependency;
			target = B9BE98131A31FC9F004E8B0E /* randomGameDeom */;
			targetProxy = B9BE982E1A31FC9F004E8B0E /* PBXContainerItemProxy */;
		};
/* End PBXTargetDependency section */

/* Begin PBXVariantGroup section */
		B9BE98211A31FC9F004E8B0E /* Main.storyboard */ = {
			isa = PBXVariantGroup;
			children = (
				B9BE98221A31FC9F004E8B0E /* Base */,
			);
			name = Main.storyboard;
			sourceTree = "<group>";
		};
		B9BE98261A31FC9F004E8B0E /* LaunchScreen.xib */ = {
			isa = PBXVariantGroup;
			children = (
				B9BE98271A31FC9F004E8B0E /* Base */,
			);
			name = LaunchScreen.xib;
			sourceTree = "<group>";
		};
/* End PBXVariantGroup section */

/* Begin XCBuildConfiguration section */
		B9BE98351A31FC9F004E8B0E /* Debug */ = {
			isa = XCBuildConfiguration;
			buildSettings = {
				ALWAYS_SEARCH_USER_PATHS = NO;
				CLANG_CXX_LANGUAGE_STANDARD = "gnu++0x";
				CLANG_CXX_LIBRARY = "libc++";
				CLANG_ENABLE_MODULES = YES;
				CLANG_ENABLE_OBJC_ARC = YES;
				CLANG_WARN_BOOL_CONVERSION = YES;
				CLANG_WARN_CONSTANT_CONVERSION = YES;
				CLANG_WARN_DIRECT_OBJC_ISA_USAGE = YES_ERROR;
				CLANG_WARN_EMPTY_BODY = YES;
				CLANG_WARN_ENUM_CONVERSION = YES;
				CLANG_WARN_INT_CONVERSION = YES;
				CLANG_WARN_OBJC_ROOT_CLASS = YES_ERROR;
				CLANG_WARN_UNREACHABLE_CODE = YES;
				CLANG_WARN__DUPLICATE_METHOD_MATCH = YES;
				"CODE_SIGN_IDENTITY[sdk=iphoneos*]" = "iPhone Developer";
				COPY_PHASE_STRIP = NO;
				ENABLE_STRICT_OBJC_MSGSEND = YES;
				GCC_C_LANGUAGE_STANDARD = gnu99;
				GCC_DYNAMIC_NO_PIC = NO;
				GCC_OPTIMIZATION_LEVEL = 0;
				GCC_PREPROCESSOR_DEFINITIONS = (
					"DEBUG=1",
					"$(inherited)",
				);
				GCC_SYMBOLS_PRIVATE_EXTERN = NO;
				GCC_WARN_64_TO_32_BIT_CONVERSION = YES;
				GCC_WARN_ABOUT_RETURN_TYPE = YES_ERROR;
				GCC_WARN_UNDECLARED_SELECTOR = YES;
				GCC_WARN_UNINITIALIZED_AUTOS = YES_AGGRESSIVE;
				GCC_WARN_UNUSED_FUNCTION = YES;
				GCC_WARN_UNUSED_VARIABLE = YES;
				IPHONEOS_DEPLOYMENT_TARGET = 8.1;
				MTL_ENABLE_DEBUG_INFO = YES;
				ONLY_ACTIVE_ARCH = YES;
				SDKROOT = iphoneos;
			};
			name = Debug;
		};
		B9BE98361A31FC9F004E8B0E /* Release */ = {
			isa = XCBuildConfiguration;
			buildSettings = {
				ALWAYS_SEARCH_USER_PATHS = NO;
				CLANG_CXX_LANGUAGE_STANDARD = "gnu++0x";
				CLANG_CXX_LIBRARY = "libc++";
				CLANG_ENABLE_MODULES = YES;
				CLANG_ENABLE_OBJC_ARC = YES;
				CLANG_WARN_BOOL_CONVERSION = YES;
				CLANG_WARN_CONSTANT_CONVERSION = YES;
				CLANG_WARN_DIRECT_OBJC_ISA_USAGE = YES_ERROR;
				CLANG_WARN_EMPTY_BODY = YES;
				CLANG_WARN_ENUM_CONVERSION = YES;
				CLANG_WARN_INT_CONVERSION = YES;
				CLANG_WARN_OBJC_ROOT_CLASS = YES_ERROR;
				CLANG_WARN_UNREACHABLE_CODE = YES;
				CLANG_WARN__DUPLICATE_METHOD_MATCH = YES;
				"CODE_SIGN_IDENTITY[sdk=iphoneos*]" = "iPhone Developer";
				COPY_PHASE_STRIP = YES;
				ENABLE_NS_ASSERTIONS = NO;
				ENABLE_STRICT_OBJC_MSGSEND = YES;
				GCC_C_LANGUAGE_STANDARD = gnu99;
				GCC_WARN_64_TO_32_BIT_CONVERSION = YES;
				GCC_WARN_ABOUT_RETURN_TYPE = YES_ERROR;
				GCC_WARN_UNDECLARED_SELECTOR = YES;
				GCC_WARN_UNINITIALIZED_AUTOS = YES_AGGRESSIVE;
				GCC_WARN_UNUSED_FUNCTION = YES;
				GCC_WARN_UNUSED_VARIABLE = YES;
				IPHONEOS_DEPLOYMENT_TARGET = 8.1;
				MTL_ENABLE_DEBUG_INFO = NO;
				SDKROOT = iphoneos;
				VALIDATE_PRODUCT = YES;
			};
			name = Release;
		};
		B9BE98381A31FC9F004E8B0E /* Debug */ = {
			isa = XCBuildConfiguration;
			buildSettings = {
				ASSETCATALOG_COMPILER_APPICON_NAME = AppIcon;
				INFOPLIST_FILE = randomGameDeom/Info.plist;
				LD_RUNPATH_SEARCH_PATHS = "$(inherited) @executable_path/Frameworks";
				PRODUCT_NAME = "$(TARGET_NAME)";
			};
			name = Debug;
		};
		B9BE98391A31FC9F004E8B0E /* Release */ = {
			isa = XCBuildConfiguration;
			buildSettings = {
				ASSETCATALOG_COMPILER_APPICON_NAME = AppIcon;
				INFOPLIST_FILE = randomGameDeom/Info.plist;
				LD_RUNPATH_SEARCH_PATHS = "$(inherited) @executable_path/Frameworks";
				PRODUCT_NAME = "$(TARGET_NAME)";
			};
			name = Release;
		};
		B9BE983B1A31FC9F004E8B0E /* Debug */ = {
			isa = XCBuildConfiguration;
			buildSettings = {
				BUNDLE_LOADER = "$(TEST_HOST)";
				FRAMEWORK_SEARCH_PATHS = (
					"$(SDKROOT)/Developer/Library/Frameworks",
					"$(inherited)",
				);
				GCC_PREPROCESSOR_DEFINITIONS = (
					"DEBUG=1",
					"$(inherited)",
				);
				INFOPLIST_FILE = randomGameDeomTests/Info.plist;
				LD_RUNPATH_SEARCH_PATHS = "$(inherited) @executable_path/Frameworks @loader_path/Frameworks";
				PRODUCT_NAME = "$(TARGET_NAME)";
				TEST_HOST = "$(BUILT_PRODUCTS_DIR)/randomGameDeom.app/randomGameDeom";
			};
			name = Debug;
		};
		B9BE983C1A31FC9F004E8B0E /* Release */ = {
			isa = XCBuildConfiguration;
			buildSettings = {
				BUNDLE_LOADER = "$(TEST_HOST)";
				FRAMEWORK_SEARCH_PATHS = (
					"$(SDKROOT)/Developer/Library/Frameworks",
					"$(inherited)",
				);
				INFOPLIST_FILE = randomGameDeomTests/Info.plist;
				LD_RUNPATH_SEARCH_PATHS = "$(inherited) @executable_path/Frameworks @loader_path/Frameworks";
				PRODUCT_NAME = "$(TARGET_NAME)";
				TEST_HOST = "$(BUILT_PRODUCTS_DIR)/randomGameDeom.app/randomGameDeom";
			};
			name = Release;
		};
/* End XCBuildConfiguration section */

/* Begin XCConfigurationList section */
		B9BE980F1A31FC9F004E8B0E /* Build configuration list for PBXProject "randomGameDeom" */ = {
			isa = XCConfigurationList;
			buildConfigurations = (
				B9BE98351A31FC9F004E8B0E /* Debug */,
				B9BE98361A31FC9F004E8B0E /* Release */,
			);
			defaultConfigurationIsVisible = 0;
			defaultConfigurationName = Release;
		};
		B9BE98371A31FC9F004E8B0E /* Build configuration list for PBXNativeTarget "randomGameDeom" */ = {
			isa = XCConfigurationList;
			buildConfigurations = (
				B9BE98381A31FC9F004E8B0E /* Debug */,
				B9BE98391A31FC9F004E8B0E /* Release */,
			);
			defaultConfigurationIsVisible = 0;
		};
		B9BE983A1A31FC9F004E8B0E /* Build configuration list for PBXNativeTarget "randomGameDeomTests" */ = {
			isa = XCConfigurationList;
			buildConfigurations = (
				B9BE983B1A31FC9F004E8B0E /* Debug */,
				B9BE983C1A31FC9F004E8B0E /* Release */,
			);
			defaultConfigurationIsVisible = 0;
		};
/* End XCConfigurationList section */
	};
	rootObject = B9BE980C1A31FC9F004E8B0E /* Project object */;
}
